
Microsoft Visual Studio Solution File, Format Version 12.00
# Visual Studio Version 16
VisualStudioVersion = 16.0.30503.244
MinimumVisualStudioVersion = 10.0.40219.1
Project("{FAE04EC0-301F-11D3-BF4B-00C04F79EFBC}") = "BMI Calculator", "BMI Calculator\BMI Calculator.csproj", "{1854412A-7A95-42DA-867C-C9F8A416631D}"
EndProject
Global
	GlobalSection(SolutionConfigurationPlatforms) = preSolution
		Debug|Any CPU = Debug|Any CPU
		Release|Any CPU = Release|Any CPU
	EndGlobalSection
	GlobalSection(ProjectConfigurationPlatforms) = postSolution
		{1854412A-7A95-42DA-867C-C9F8A416631D}.Debug|Any CPU.ActiveCfg = Debug|Any CPU
		{1854412A-7A95-42DA-867C-C9F8A416631D}.Debug|Any CPU.Build.0 = Debug|Any CPU
		{1854412A-7A95-42DA-867C-C9F8A416631D}.Release|Any CPU.ActiveCfg = Release|Any CPU
		{1854412A-7A95-42DA-867C-C9F8A416631D}.Release|Any CPU.Build.0 = Release|Any CPU
	EndGlobalSection
	GlobalSection(SolutionProperties) = preSolution
		HideSolutionNode = FALSE
	EndGlobalSection
	GlobalSection(ExtensibilityGlobals) = postSolution
		SolutionGuid = {B6B625BB-F74D-4934-ACCC-04A6DCDFA881}
	EndGlobalSection
EndGlobal
